
Microsoft Visual Studio Solution File, Format Version 12.00
# Visual Studio Version 16
VisualStudioVersion = 16.0.31321.278
MinimumVisualStudioVersion = 10.0.40219.1
Project("{8BC9CEB8-8B4A-11D0-8D11-00A0C91BC942}") = "tutorial4", "tutorial4.vcxproj", "{511986DF-05FD-426D-BA97-86D9EF5D3124}"
EndProject
Global
	GlobalSection(SolutionConfigurationPlatforms) = preSolution
		Debug|x86 = Debug|x86
		Release|x86 = Release|x86
	EndGlobalSection
	GlobalSection(ProjectConfigurationPlatforms) = postSolution
		{511986DF-05FD-426D-BA97-86D9EF5D3124}.Debug|x86.ActiveCfg = Debug|Win32
		{511986DF-05FD-426D-BA97-86D9EF5D3124}.Debug|x86.Build.0 = Debug|Win32
		{511986DF-05FD-426D-BA97-86D9EF5D3124}.Release|x86.ActiveCfg = Release|Win32
		{511986DF-05FD-426D-BA97-86D9EF5D3124}.Release|x86.Build.0 = Release|Win32
	EndGlobalSection
	GlobalSection(SolutionProperties) = preSolution
		HideSolutionNode = FALSE
	EndGlobalSection
	GlobalSection(ExtensibilityGlobals) = postSolution
		SolutionGuid = {4F15222A-549B-473A-B007-D33B04DFCCAA}
	EndGlobalSection
EndGlobal
